
Microsoft Visual Studio Solution File, Format Version 12.00
# Visual Studio Version 17
VisualStudioVersion = 17.11.35431.28
MinimumVisualStudioVersion = 10.0.40219.1
Project("{FAE04EC0-301F-11D3-BF4B-00C04F79EFBC}") = "CalorieTracker", "CalorieTracker\CalorieTracker.csproj", "{543B9D96-1DFF-401A-8AD3-22111EB453E1}"
EndProject
Global
	GlobalSection(SolutionConfigurationPlatforms) = preSolution
		Debug|Any CPU = Debug|Any CPU
		Release|Any CPU = Release|Any CPU
	EndGlobalSection
	GlobalSection(ProjectConfigurationPlatforms) = postSolution
		{543B9D96-1DFF-401A-8AD3-22111EB453E1}.Debug|Any CPU.ActiveCfg = Debug|Any CPU
		{543B9D96-1DFF-401A-8AD3-22111EB453E1}.Debug|Any CPU.Build.0 = Debug|Any CPU
		{543B9D96-1DFF-401A-8AD3-22111EB453E1}.Release|Any CPU.ActiveCfg = Release|Any CPU
		{543B9D96-1DFF-401A-8AD3-22111EB453E1}.Release|Any CPU.Build.0 = Release|Any CPU
	EndGlobalSection
	GlobalSection(SolutionProperties) = preSolution
		HideSolutionNode = FALSE
	EndGlobalSection
	GlobalSection(ExtensibilityGlobals) = postSolution
		SolutionGuid = {8A9635D1-1DBA-497B-8D84-64EA7DE1D860}
	EndGlobalSection
EndGlobal
